// !$*UTF8*$!
{
	archiveVersion = 1;
	classes = {
	};
	objectVersion = 46;
	objects = {

/* Begin PBXBuildFile section */
		A7957E1C1EBCC31F007DDBA2 /* AppDelegate.swift in Sources */ = {isa = PBXBuildFile; fileRef = A7957E1B1EBCC31F007DDBA2 /* AppDelegate.swift */; };
		A7957E1E1EBCC31F007DDBA2 /* ViewController.swift in Sources */ = {isa = PBXBuildFile; fileRef = A7957E1D1EBCC31F007DDBA2 /* ViewController.swift */; };
		A7957E211EBCC31F007DDBA2 /* Main.storyboard in Resources */ = {isa = PBXBuildFile; fileRef = A7957E1F1EBCC31F007DDBA2 /* Main.storyboard */; };
		A7957E231EBCC31F007DDBA2 /* Assets.xcassets in Resources */ = {isa = PBXBuildFile; fileRef = A7957E221EBCC31F007DDBA2 /* Assets.xcassets */; };
		A7957E261EBCC31F007DDBA2 /* LaunchScreen.storyboard in Resources */ = {isa = PBXBuildFile; fileRef = A7957E241EBCC31F007DDBA2 /* LaunchScreen.storyboard */; };
/* End PBXBuildFile section */

/* Begin PBXFileReference section */
		A7957E181EBCC31F007DDBA2 /* ScrollViewBac.app */ = {isa = PBXFileReference; explicitFileType = wrapper.application; includeInIndex = 0; path = ScrollViewBac.app; sourceTree = BUILT_PRODUCTS_DIR; };
		A7957E1B1EBCC31F007DDBA2 /* AppDelegate.swift */ = {isa = PBXFileReference; lastKnownFileType = sourcecode.swift; path = AppDelegate.swift; sourceTree = "<group>"; };
		A7957E1D1EBCC31F007DDBA2 /* ViewController.swift */ = {isa = PBXFileReference; lastKnownFileType = sourcecode.swift; path = ViewController.swift; sourceTree = "<group>"; };
		A7957E201EBCC31F007DDBA2 /* Base */ = {isa = PBXFileReference; lastKnownFileType = file.storyboard; name = Base; path = Base.lproj/Main.storyboard; sourceTree = "<group>"; };
		A7957E221EBCC31F007DDBA2 /* Assets.xcassets */ = {isa = PBXFileReference; lastKnownFileType = folder.assetcatalog; path = Assets.xcassets; sourceTree = "<group>"; };
		A7957E251EBCC31F007DDBA2 /* Base */ = {isa = PBXFileReference; lastKnownFileType = file.storyboard; name = Base; path = Base.lproj/LaunchScreen.storyboard; sourceTree = "<group>"; };
		A7957E271EBCC31F007DDBA2 /* Info.plist */ = {isa = PBXFileReference; lastKnownFileType = text.plist.xml; path = Info.plist; sourceTree = "<group>"; };
/* End PBXFileReference section */

/* Begin PBXFrameworksBuildPhase section */
		A7957E151EBCC31F007DDBA2 /* Frameworks */ = {
			isa = PBXFrameworksBuildPhase;
			buildActionMask = 2147483647;
			files = (
			);
			runOnlyForDeploymentPostprocessing = 0;
		};
/* End PBXFrameworksBuildPhase section */

/* Begin PBXGroup section */
		A7957E0F1EBCC31F007DDBA2 = {
			isa = PBXGroup;
			children = (
				A7957E1A1EBCC31F007DDBA2 /* ScrollViewBac */,
				A7957E191EBCC31F007DDBA2 /* Products */,
			);
			sourceTree = "<group>";
		};
		A7957E191EBCC31F007DDBA2 /* Products */ = {
			isa = PBXGroup;
			children = (
				A7957E181EBCC31F007DDBA2 /* ScrollViewBac.app */,
			);
			name = Products;
			sourceTree = "<group>";
		};
		A7957E1A1EBCC31F007DDBA2 /* ScrollViewBac */ = {
			isa = PBXGroup;
			children = (
				A7957E1B1EBCC31F007DDBA2 /* AppDelegate.swift */,
				A7957E1D1EBCC31F007DDBA2 /* ViewController.swift */,
				A7957E1F1EBCC31F007DDBA2 /* Main.storyboard */,
				A7957E221EBCC31F007DDBA2 /* Assets.xcassets */,
				A7957E241EBCC31F007DDBA2 /* LaunchScreen.storyboard */,
				A7957E271EBCC31F007DDBA2 /* Info.plist */,
			);
			path = ScrollViewBac;
			sourceTree = "<group>";
		};
/* End PBXGroup section */

/* Begin PBXNativeTarget section */
		A7957E171EBCC31F007DDBA2 /* ScrollViewBac */ = {
			isa = PBXNativeTarget;
			buildConfigurationList = A7957E2A1EBCC31F007DDBA2 /* Build configuration list for PBXNativeTarget "ScrollViewBac" */;
			buildPhases = (
				A7957E141EBCC31F007DDBA2 /* Sources */,
				A7957E151EBCC31F007DDBA2 /* Frameworks */,
				A7957E161EBCC31F007DDBA2 /* Resources */,
			);
			buildRules = (
			);
			dependencies = (
			);
			name = ScrollViewBac;
			productName = ScrollViewBac;
			productReference = A7957E181EBCC31F007DDBA2 /* ScrollViewBac.app */;
			productType = "com.apple.product-type.application";
		};
/* End PBXNativeTarget section */

/* Begin PBXProject section */
		A7957E101EBCC31F007DDBA2 /* Project object */ = {
			isa = PBXProject;
			attributes = {
				LastSwiftUpdateCheck = 0820;
				LastUpgradeCheck = 0820;
				ORGANIZATIONNAME = zwart;
				TargetAttributes = {
					A7957E171EBCC31F007DDBA2 = {
						CreatedOnToolsVersion = 8.2.1;
						ProvisioningStyle = Automatic;
					};
				};
			};
			buildConfigurationList = A7957E131EBCC31F007DDBA2 /* Build configuration list for PBXProject "ScrollViewBac" */;
			compatibilityVersion = "Xcode 3.2";
			developmentRegion = English;
			hasScannedForEncodings = 0;
			knownRegions = (
				en,
				Base,
			);
			mainGroup = A7957E0F1EBCC31F007DDBA2;
			productRefGroup = A7957E191EBCC31F007DDBA2 /* Products */;
			projectDirPath = "";
			projectRoot = "";
			targets = (
				A7957E171EBCC31F007DDBA2 /* ScrollViewBac */,
			);
		};
/* End PBXProject section */

/* Begin PBXResourcesBuildPhase section */
		A7957E161EBCC31F007DDBA2 /* Resources */ = {
			isa = PBXResourcesBuildPhase;
			buildActionMask = 2147483647;
			files = (
				A7957E261EBCC31F007DDBA2 /* LaunchScreen.storyboard in Resources */,
				A7957E231EBCC31F007DDBA2 /* Assets.xcassets in Resources */,
				A7957E211EBCC31F007DDBA2 /* Main.storyboard in Resources */,
			);
			runOnlyForDeploymentPostprocessing = 0;
		};
/* End PBXResourcesBuildPhase section */

/* Begin PBXSourcesBuildPhase section */
		A7957E141EBCC31F007DDBA2 /* Sources */ = {
			isa = PBXSourcesBuildPhase;
			buildActionMask = 2147483647;
			files = (
				A7957E1E1EBCC31F007DDBA2 /* ViewController.swift in Sources */,
				A7957E1C1EBCC31F007DDBA2 /* AppDelegate.swift in Sources */,
			);
			runOnlyForDeploymentPostprocessing = 0;
		};
/* End PBXSourcesBuildPhase section */

/* Begin PBXVariantGroup section */
		A7957E1F1EBCC31F007DDBA2 /* Main.storyboard */ = {
			isa = PBXVariantGroup;
			children = (
				A7957E201EBCC31F007DDBA2 /* Base */,
			);
			name = Main.storyboard;
			sourceTree = "<group>";
		};
		A7957E241EBCC31F007DDBA2 /* LaunchScreen.storyboard */ = {
			isa = PBXVariantGroup;
			children = (
				A7957E251EBCC31F007DDBA2 /* Base */,
			);
			name = LaunchScreen.storyboard;
			sourceTree = "<group>";
		};
/* End PBXVariantGroup section */

/* Begin XCBuildConfiguration section */
		A7957E281EBCC31F007DDBA2 /* Debug */ = {
			isa = XCBuildConfiguration;
			buildSettings = {
				ALWAYS_SEARCH_USER_PATHS = NO;
				CLANG_ANALYZER_NONNULL = YES;
				CLANG_CXX_LANGUAGE_STANDARD = "gnu++0x";
				CLANG_CXX_LIBRARY = "libc++";
				CLANG_ENABLE_MODULES = YES;
				CLANG_ENABLE_OBJC_ARC = YES;
				CLANG_WARN_BOOL_CONVERSION = YES;
				CLANG_WARN_CONSTANT_CONVERSION = YES;
				CLANG_WARN_DIRECT_OBJC_ISA_USAGE = YES_ERROR;
				CLANG_WARN_DOCUMENTATION_COMMENTS = YES;
				CLANG_WARN_EMPTY_BODY = YES;
				CLANG_WARN_ENUM_CONVERSION = YES;
				CLANG_WARN_INFINITE_RECURSION = YES;
				CLANG_WARN_INT_CONVERSION = YES;
				CLANG_WARN_OBJC_ROOT_CLASS = YES_ERROR;
				CLANG_WARN_SUSPICIOUS_MOVE = YES;
				CLANG_WARN_UNREACHABLE_CODE = YES;
				CLANG_WARN__DUPLICATE_METHOD_MATCH = YES;
				"CODE_SIGN_IDENTITY[sdk=iphoneos*]" = "iPhone Developer";
				COPY_PHASE_STRIP = NO;
				DEBUG_INFORMATION_FORMAT = dwarf;
				ENABLE_STRICT_OBJC_MSGSEND = YES;
				ENABLE_TESTABILITY = YES;
				GCC_C_LANGUAGE_STANDARD = gnu99;
				GCC_DYNAMIC_NO_PIC = NO;
				GCC_NO_COMMON_BLOCKS = YES;
				GCC_OPTIMIZATION_LEVEL = 0;
				GCC_PREPROCESSOR_DEFINITIONS = (
					"DEBUG=1",
					"$(inherited)",
				);
				GCC_WARN_64_TO_32_BIT_CONVERSION = YES;
				GCC_WARN_ABOUT_RETURN_TYPE = YES_ERROR;
				GCC_WARN_UNDECLARED_SELECTOR = YES;
				GCC_WARN_UNINITIALIZED_AUTOS = YES_AGGRESSIVE;
				GCC_WARN_UNUSED_FUNCTION = YES;
				GCC_WARN_UNUSED_VARIABLE = YES;
				IPHONEOS_DEPLOYMENT_TARGET = 10.2;
				MTL_ENABLE_DEBUG_INFO = YES;
				ONLY_ACTIVE_ARCH = YES;
				SDKROOT = iphoneos;
				SWIFT_ACTIVE_COMPILATION_CONDITIONS = DEBUG;
				SWIFT_OPTIMIZATION_LEVEL = "-Onone";
				TARGETED_DEVICE_FAMILY = "1,2";
			};
			name = Debug;
		};
		A7957E291EBCC31F007DDBA2 /* Release */ = {
			isa = XCBuildConfiguration;
			buildSettings = {
				ALWAYS_SEARCH_USER_PATHS = NO;
				CLANG_ANALYZER_NONNULL = YES;
				CLANG_CXX_LANGUAGE_STANDARD = "gnu++0x";
				CLANG_CXX_LIBRARY = "libc++";
				CLANG_ENABLE_MODULES = YES;
				CLANG_ENABLE_OBJC_ARC = YES;
				CLANG_WARN_BOOL_CONVERSION = YES;
				CLANG_WARN_CONSTANT_CONVERSION = YES;
				CLANG_WARN_DIRECT_OBJC_ISA_USAGE = YES_ERROR;
				CLANG_WARN_DOCUMENTATION_COMMENTS = YES;
				CLANG_WARN_EMPTY_BODY = YES;
				CLANG_WARN_ENUM_CONVERSION = YES;
				CLANG_WARN_INFINITE_RECURSION = YES;
				CLANG_WARN_INT_CONVERSION = YES;
				CLANG_WARN_OBJC_ROOT_CLASS = YES_ERROR;
				CLANG_WARN_SUSPICIOUS_MOVE = YES;
				CLANG_WARN_UNREACHABLE_CODE = YES;
				CLANG_WARN__DUPLICATE_METHOD_MATCH = YES;
				"CODE_SIGN_IDENTITY[sdk=iphoneos*]" = "iPhone Developer";
				COPY_PHASE_STRIP = NO;
				DEBUG_INFORMATION_FORMAT = "dwarf-with-dsym";
				ENABLE_NS_ASSERTIONS = NO;
				ENABLE_STRICT_OBJC_MSGSEND = YES;
				GCC_C_LANGUAGE_STANDARD = gnu99;
				GCC_NO_COMMON_BLOCKS = YES;
				GCC_WARN_64_TO_32_BIT_CONVERSION = YES;
				GCC_WARN_ABOUT_RETURN_TYPE = YES_ERROR;
				GCC_WARN_UNDECLARED_SELECTOR = YES;
				GCC_WARN_UNINITIALIZED_AUTOS = YES_AGGRESSIVE;
				GCC_WARN_UNUSED_FUNCTION = YES;
				GCC_WARN_UNUSED_VARIABLE = YES;
				IPHONEOS_DEPLOYMENT_TARGET = 10.2;
				MTL_ENABLE_DEBUG_INFO = NO;
				SDKROOT = iphoneos;
				SWIFT_OPTIMIZATION_LEVEL = "-Owholemodule";
				TARGETED_DEVICE_FAMILY = "1,2";
				VALIDATE_PRODUCT = YES;
			};
			name = Release;
		};
		A7957E2B1EBCC31F007DDBA2 /* Debug */ = {
			isa = XCBuildConfiguration;
			buildSettings = {
				ASSETCATALOG_COMPILER_APPICON_NAME = AppIcon;
				INFOPLIST_FILE = ScrollViewBac/Info.plist;
				LD_RUNPATH_SEARCH_PATHS = "$(inherited) @executable_path/Frameworks";
				PRODUCT_BUNDLE_IDENTIFIER = hcmute.ScrollViewBac;
				PRODUCT_NAME = "$(TARGET_NAME)";
				SWIFT_VERSION = 3.0;
			};
			name = Debug;
		};
		A7957E2C1EBCC31F007DDBA2 /* Release */ = {
			isa = XCBuildConfiguration;
			buildSettings = {
				ASSETCATALOG_COMPILER_APPICON_NAME = AppIcon;
				INFOPLIST_FILE = ScrollViewBac/Info.plist;
				LD_RUNPATH_SEARCH_PATHS = "$(inherited) @executable_path/Frameworks";
				PRODUCT_BUNDLE_IDENTIFIER = hcmute.ScrollViewBac;
				PRODUCT_NAME = "$(TARGET_NAME)";
				SWIFT_VERSION = 3.0;
			};
			name = Release;
		};
/* End XCBuildConfiguration section */

/* Begin XCConfigurationList section */
		A7957E131EBCC31F007DDBA2 /* Build configuration list for PBXProject "ScrollViewBac" */ = {
			isa = XCConfigurationList;
			buildConfigurations = (
				A7957E281EBCC31F007DDBA2 /* Debug */,
				A7957E291EBCC31F007DDBA2 /* Release */,
			);
			defaultConfigurationIsVisible = 0;
			defaultConfigurationName = Release;
		};
		A7957E2A1EBCC31F007DDBA2 /* Build configuration list for PBXNativeTarget "ScrollViewBac" */ = {
			isa = XCConfigurationList;
			buildConfigurations = (
				A7957E2B1EBCC31F007DDBA2 /* Debug */,
				A7957E2C1EBCC31F007DDBA2 /* Release */,
			);
			defaultConfigurationIsVisible = 0;
		};
/* End XCConfigurationList section */
	};
	rootObject = A7957E101EBCC31F007DDBA2 /* Project object */;
}
